
Microsoft Visual Studio Solution File, Format Version 12.00
# Visual Studio 2012
VisualStudioVersion = 12.0.31101.0
MinimumVisualStudioVersion = 10.0.40219.1
Project("{FAE04EC0-301F-11D3-BF4B-00C04F79EFBC}") = "Demo1", "Demo1\Demo1\Demo1.csproj", "{23940A63-3554-4570-BD01-C30308F13CF5}"
EndProject
Project("{FAE04EC0-301F-11D3-BF4B-00C04F79EFBC}") = "Demo1.iOS", "Demo1\Demo1.iOS\Demo1.iOS.csproj", "{E49E0538-248D-4EC1-B2C2-D6B665BE5448}"
EndProject
Project("{FAE04EC0-301F-11D3-BF4B-00C04F79EFBC}") = "Demo1.Droid", "Demo1\Demo1.Droid\Demo1.Droid.csproj", "{7DF99581-31E4-4B41-A8C7-FC26324E667E}"
EndProject
Project("{FAE04EC0-301F-11D3-BF4B-00C04F79EFBC}") = "Demo1.WinPhone", "Demo1\Demo1.WinPhone\Demo1.WinPhone.csproj", "{7324DC3C-582B-4ADC-B7EA-B4CCE9A9C869}"
EndProject
Project("{FAE04EC0-301F-11D3-BF4B-00C04F79EFBC}") = "Demo1.Data", "Demo1.Data\Demo1.Data.csproj", "{67F9D3A8-F71E-4428-913F-C37AE82CDB24}"
EndProject
Project("{2150E333-8FDC-42A3-9474-1A3956D46DE8}") = ".nuget", ".nuget", "{2409DBC4-6BD5-43EB-B9F2-32B3690D4E86}"
	ProjectSection(SolutionItems) = preProject
		.nuget\NuGet.Config = .nuget\NuGet.Config
		.nuget\NuGet.exe = .nuget\NuGet.exe
		.nuget\NuGet.targets = .nuget\NuGet.targets
	EndProjectSection
EndProject
Global
	GlobalSection(SolutionConfigurationPlatforms) = preSolution
		Ad-Hoc|Any CPU = Ad-Hoc|Any CPU
		Ad-Hoc|ARM = Ad-Hoc|ARM
		Ad-Hoc|iPhone = Ad-Hoc|iPhone
		Ad-Hoc|iPhoneSimulator = Ad-Hoc|iPhoneSimulator
		Ad-Hoc|Mixed Platforms = Ad-Hoc|Mixed Platforms
		Ad-Hoc|x86 = Ad-Hoc|x86
		AppStore|Any CPU = AppStore|Any CPU
		AppStore|ARM = AppStore|ARM
		AppStore|iPhone = AppStore|iPhone
		AppStore|iPhoneSimulator = AppStore|iPhoneSimulator
		AppStore|Mixed Platforms = AppStore|Mixed Platforms
		AppStore|x86 = AppStore|x86
		Debug|Any CPU = Debug|Any CPU
		Debug|ARM = Debug|ARM
		Debug|iPhone = Debug|iPhone
		Debug|iPhoneSimulator = Debug|iPhoneSimulator
		Debug|Mixed Platforms = Debug|Mixed Platforms
		Debug|x86 = Debug|x86
		Release|Any CPU = Release|Any CPU
		Release|ARM = Release|ARM
		Release|iPhone = Release|iPhone
		Release|iPhoneSimulator = Release|iPhoneSimulator
		Release|Mixed Platforms = Release|Mixed Platforms
		Release|x86 = Release|x86
	EndGlobalSection
	GlobalSection(ProjectConfigurationPlatforms) = postSolution
		{23940A63-3554-4570-BD01-C30308F13CF5}.Ad-Hoc|Any CPU.ActiveCfg = Release|Any CPU
		{23940A63-3554-4570-BD01-C30308F13CF5}.Ad-Hoc|Any CPU.Build.0 = Release|Any CPU
		{23940A63-3554-4570-BD01-C30308F13CF5}.Ad-Hoc|ARM.ActiveCfg = Release|Any CPU
		{23940A63-3554-4570-BD01-C30308F13CF5}.Ad-Hoc|iPhone.ActiveCfg = Release|Any CPU
		{23940A63-3554-4570-BD01-C30308F13CF5}.Ad-Hoc|iPhoneSimulator.ActiveCfg = Release|Any CPU
		{23940A63-3554-4570-BD01-C30308F13CF5}.Ad-Hoc|Mixed Platforms.ActiveCfg = Release|Any CPU
		{23940A63-3554-4570-BD01-C30308F13CF5}.Ad-Hoc|Mixed Platforms.Build.0 = Release|Any CPU
		{23940A63-3554-4570-BD01-C30308F13CF5}.Ad-Hoc|x86.ActiveCfg = Release|Any CPU
		{23940A63-3554-4570-BD01-C30308F13CF5}.AppStore|Any CPU.ActiveCfg = Release|Any CPU
		{23940A63-3554-4570-BD01-C30308F13CF5}.AppStore|Any CPU.Build.0 = Release|Any CPU
		{23940A63-3554-4570-BD01-C30308F13CF5}.AppStore|ARM.ActiveCfg = Release|Any CPU
		{23940A63-3554-4570-BD01-C30308F13CF5}.AppStore|iPhone.ActiveCfg = Release|Any CPU
		{23940A63-3554-4570-BD01-C30308F13CF5}.AppStore|iPhoneSimulator.ActiveCfg = Release|Any CPU
		{23940A63-3554-4570-BD01-C30308F13CF5}.AppStore|Mixed Platforms.ActiveCfg = Release|Any CPU
		{23940A63-3554-4570-BD01-C30308F13CF5}.AppStore|Mixed Platforms.Build.0 = Release|Any CPU
		{23940A63-3554-4570-BD01-C30308F13CF5}.AppStore|x86.ActiveCfg = Release|Any CPU
		{23940A63-3554-4570-BD01-C30308F13CF5}.Debug|Any CPU.ActiveCfg = Debug|Any CPU
		{23940A63-3554-4570-BD01-C30308F13CF5}.Debug|Any CPU.Build.0 = Debug|Any CPU
		{23940A63-3554-4570-BD01-C30308F13CF5}.Debug|ARM.ActiveCfg = Debug|Any CPU
		{23940A63-3554-4570-BD01-C30308F13CF5}.Debug|iPhone.ActiveCfg = Debug|Any CPU
		{23940A63-3554-4570-BD01-C30308F13CF5}.Debug|iPhoneSimulator.ActiveCfg = Debug|Any CPU
		{23940A63-3554-4570-BD01-C30308F13CF5}.Debug|Mixed Platforms.ActiveCfg = Debug|Any CPU
		{23940A63-3554-4570-BD01-C30308F13CF5}.Debug|Mixed Platforms.Build.0 = Debug|Any CPU
		{23940A63-3554-4570-BD01-C30308F13CF5}.Debug|x86.ActiveCfg = Debug|Any CPU
		{23940A63-3554-4570-BD01-C30308F13CF5}.Release|Any CPU.ActiveCfg = Release|Any CPU
		{23940A63-3554-4570-BD01-C30308F13CF5}.Release|Any CPU.Build.0 = Release|Any CPU
		{23940A63-3554-4570-BD01-C30308F13CF5}.Release|ARM.ActiveCfg = Release|Any CPU
		{23940A63-3554-4570-BD01-C30308F13CF5}.Release|iPhone.ActiveCfg = Release|Any CPU
		{23940A63-3554-4570-BD01-C30308F13CF5}.Release|iPhoneSimulator.ActiveCfg = Release|Any CPU
		{23940A63-3554-4570-BD01-C30308F13CF5}.Release|Mixed Platforms.ActiveCfg = Release|Any CPU
		{23940A63-3554-4570-BD01-C30308F13CF5}.Release|Mixed Platforms.Build.0 = Release|Any CPU
		{23940A63-3554-4570-BD01-C30308F13CF5}.Release|x86.ActiveCfg = Release|Any CPU
		{67F9D3A8-F71E-4428-913F-C37AE82CDB24}.Ad-Hoc|Any CPU.ActiveCfg = Release|Any CPU
		{67F9D3A8-F71E-4428-913F-C37AE82CDB24}.Ad-Hoc|Any CPU.Build.0 = Release|Any CPU
		{67F9D3A8-F71E-4428-913F-C37AE82CDB24}.Ad-Hoc|ARM.ActiveCfg = Release|Any CPU
		{67F9D3A8-F71E-4428-913F-C37AE82CDB24}.Ad-Hoc|iPhone.ActiveCfg = Release|Any CPU
		{67F9D3A8-F71E-4428-913F-C37AE82CDB24}.Ad-Hoc|iPhoneSimulator.ActiveCfg = Release|Any CPU
		{67F9D3A8-F71E-4428-913F-C37AE82CDB24}.Ad-Hoc|Mixed Platforms.ActiveCfg = Release|Any CPU
		{67F9D3A8-F71E-4428-913F-C37AE82CDB24}.Ad-Hoc|Mixed Platforms.Build.0 = Release|Any CPU
		{67F9D3A8-F71E-4428-913F-C37AE82CDB24}.Ad-Hoc|x86.ActiveCfg = Release|Any CPU
		{67F9D3A8-F71E-4428-913F-C37AE82CDB24}.AppStore|Any CPU.ActiveCfg = Release|Any CPU
		{67F9D3A8-F71E-4428-913F-C37AE82CDB24}.AppStore|Any CPU.Build.0 = Release|Any CPU
		{67F9D3A8-F71E-4428-913F-C37AE82CDB24}.AppStore|ARM.ActiveCfg = Release|Any CPU
		{67F9D3A8-F71E-4428-913F-C37AE82CDB24}.AppStore|iPhone.ActiveCfg = Release|Any CPU
		{67F9D3A8-F71E-4428-913F-C37AE82CDB24}.AppStore|iPhoneSimulator.ActiveCfg = Release|Any CPU
		{67F9D3A8-F71E-4428-913F-C37AE82CDB24}.AppStore|Mixed Platforms.ActiveCfg = Release|Any CPU
		{67F9D3A8-F71E-4428-913F-C37AE82CDB24}.AppStore|Mixed Platforms.Build.0 = Release|Any CPU
		{67F9D3A8-F71E-4428-913F-C37AE82CDB24}.AppStore|x86.ActiveCfg = Release|Any CPU
		{67F9D3A8-F71E-4428-913F-C37AE82CDB24}.Debug|Any CPU.ActiveCfg = Debug|Any CPU
		{67F9D3A8-F71E-4428-913F-C37AE82CDB24}.Debug|Any CPU.Build.0 = Debug|Any CPU
		{67F9D3A8-F71E-4428-913F-C37AE82CDB24}.Debug|ARM.ActiveCfg = Debug|Any CPU
		{67F9D3A8-F71E-4428-913F-C37AE82CDB24}.Debug|iPhone.ActiveCfg = Debug|Any CPU
		{67F9D3A8-F71E-4428-913F-C37AE82CDB24}.Debug|iPhoneSimulator.ActiveCfg = Debug|Any CPU
		{67F9D3A8-F71E-4428-913F-C37AE82CDB24}.Debug|Mixed Platforms.ActiveCfg = Debug|Any CPU
		{67F9D3A8-F71E-4428-913F-C37AE82CDB24}.Debug|Mixed Platforms.Build.0 = Debug|Any CPU
		{67F9D3A8-F71E-4428-913F-C37AE82CDB24}.Debug|x86.ActiveCfg = Debug|Any CPU
		{67F9D3A8-F71E-4428-913F-C37AE82CDB24}.Release|Any CPU.ActiveCfg = Release|Any CPU
		{67F9D3A8-F71E-4428-913F-C37AE82CDB24}.Release|Any CPU.Build.0 = Release|Any CPU
		{67F9D3A8-F71E-4428-913F-C37AE82CDB24}.Release|ARM.ActiveCfg = Release|Any CPU
		{67F9D3A8-F71E-4428-913F-C37AE82CDB24}.Release|iPhone.ActiveCfg = Release|Any CPU
		{67F9D3A8-F71E-4428-913F-C37AE82CDB24}.Release|iPhoneSimulator.ActiveCfg = Release|Any CPU
		{67F9D3A8-F71E-4428-913F-C37AE82CDB24}.Release|Mixed Platforms.ActiveCfg = Release|Any CPU
		{67F9D3A8-F71E-4428-913F-C37AE82CDB24}.Release|Mixed Platforms.Build.0 = Release|Any CPU
		{67F9D3A8-F71E-4428-913F-C37AE82CDB24}.Release|x86.ActiveCfg = Release|Any CPU
		{7324DC3C-582B-4ADC-B7EA-B4CCE9A9C869}.Ad-Hoc|Any CPU.ActiveCfg = Release|Any CPU
		{7324DC3C-582B-4ADC-B7EA-B4CCE9A9C869}.Ad-Hoc|Any CPU.Build.0 = Release|Any CPU
		{7324DC3C-582B-4ADC-B7EA-B4CCE9A9C869}.Ad-Hoc|Any CPU.Deploy.0 = Release|Any CPU
		{7324DC3C-582B-4ADC-B7EA-B4CCE9A9C869}.Ad-Hoc|ARM.ActiveCfg = Release|ARM
		{7324DC3C-582B-4ADC-B7EA-B4CCE9A9C869}.Ad-Hoc|ARM.Build.0 = Release|ARM
		{7324DC3C-582B-4ADC-B7EA-B4CCE9A9C869}.Ad-Hoc|ARM.Deploy.0 = Release|ARM
		{7324DC3C-582B-4ADC-B7EA-B4CCE9A9C869}.Ad-Hoc|iPhone.ActiveCfg = Release|Any CPU
		{7324DC3C-582B-4ADC-B7EA-B4CCE9A9C869}.Ad-Hoc|iPhoneSimulator.ActiveCfg = Release|Any CPU
		{7324DC3C-582B-4ADC-B7EA-B4CCE9A9C869}.Ad-Hoc|Mixed Platforms.ActiveCfg = Release|x86
		{7324DC3C-582B-4ADC-B7EA-B4CCE9A9C869}.Ad-Hoc|Mixed Platforms.Build.0 = Release|x86
		{7324DC3C-582B-4ADC-B7EA-B4CCE9A9C869}.Ad-Hoc|Mixed Platforms.Deploy.0 = Release|x86
		{7324DC3C-582B-4ADC-B7EA-B4CCE9A9C869}.Ad-Hoc|x86.ActiveCfg = Release|x86
		{7324DC3C-582B-4ADC-B7EA-B4CCE9A9C869}.Ad-Hoc|x86.Build.0 = Release|x86
		{7324DC3C-582B-4ADC-B7EA-B4CCE9A9C869}.Ad-Hoc|x86.Deploy.0 = Release|x86
		{7324DC3C-582B-4ADC-B7EA-B4CCE9A9C869}.AppStore|Any CPU.ActiveCfg = Release|Any CPU
		{7324DC3C-582B-4ADC-B7EA-B4CCE9A9C869}.AppStore|Any CPU.Build.0 = Release|Any CPU
		{7324DC3C-582B-4ADC-B7EA-B4CCE9A9C869}.AppStore|Any CPU.Deploy.0 = Release|Any CPU
		{7324DC3C-582B-4ADC-B7EA-B4CCE9A9C869}.AppStore|ARM.ActiveCfg = Release|ARM
		{7324DC3C-582B-4ADC-B7EA-B4CCE9A9C869}.AppStore|ARM.Build.0 = Release|ARM
		{7324DC3C-582B-4ADC-B7EA-B4CCE9A9C869}.AppStore|ARM.Deploy.0 = Release|ARM
		{7324DC3C-582B-4ADC-B7EA-B4CCE9A9C869}.AppStore|iPhone.ActiveCfg = Release|Any CPU
		{7324DC3C-582B-4ADC-B7EA-B4CCE9A9C869}.AppStore|iPhoneSimulator.ActiveCfg = Release|Any CPU
		{7324DC3C-582B-4ADC-B7EA-B4CCE9A9C869}.AppStore|Mixed Platforms.ActiveCfg = Release|x86
		{7324DC3C-582B-4ADC-B7EA-B4CCE9A9C869}.AppStore|Mixed Platforms.Build.0 = Release|x86
		{7324DC3C-582B-4ADC-B7EA-B4CCE9A9C869}.AppStore|Mixed Platforms.Deploy.0 = Release|x86
		{7324DC3C-582B-4ADC-B7EA-B4CCE9A9C869}.AppStore|x86.ActiveCfg = Release|x86
		{7324DC3C-582B-4ADC-B7EA-B4CCE9A9C869}.AppStore|x86.Build.0 = Release|x86
		{7324DC3C-582B-4ADC-B7EA-B4CCE9A9C869}.AppStore|x86.Deploy.0 = Release|x86
		{7324DC3C-582B-4ADC-B7EA-B4CCE9A9C869}.Debug|Any CPU.ActiveCfg = Debug|Any CPU
		{7324DC3C-582B-4ADC-B7EA-B4CCE9A9C869}.Debug|Any CPU.Build.0 = Debug|Any CPU
		{7324DC3C-582B-4ADC-B7EA-B4CCE9A9C869}.Debug|Any CPU.Deploy.0 = Debug|Any CPU
		{7324DC3C-582B-4ADC-B7EA-B4CCE9A9C869}.Debug|ARM.ActiveCfg = Debug|ARM
		{7324DC3C-582B-4ADC-B7EA-B4CCE9A9C869}.Debug|ARM.Build.0 = Debug|ARM
		{7324DC3C-582B-4ADC-B7EA-B4CCE9A9C869}.Debug|ARM.Deploy.0 = Debug|ARM
		{7324DC3C-582B-4ADC-B7EA-B4CCE9A9C869}.Debug|iPhone.ActiveCfg = Debug|Any CPU
		{7324DC3C-582B-4ADC-B7EA-B4CCE9A9C869}.Debug|iPhoneSimulator.ActiveCfg = Debug|Any CPU
		{7324DC3C-582B-4ADC-B7EA-B4CCE9A9C869}.Debug|Mixed Platforms.ActiveCfg = Debug|x86
		{7324DC3C-582B-4ADC-B7EA-B4CCE9A9C869}.Debug|Mixed Platforms.Build.0 = Debug|x86
		{7324DC3C-582B-4ADC-B7EA-B4CCE9A9C869}.Debug|Mixed Platforms.Deploy.0 = Debug|x86
		{7324DC3C-582B-4ADC-B7EA-B4CCE9A9C869}.Debug|x86.ActiveCfg = Debug|x86
		{7324DC3C-582B-4ADC-B7EA-B4CCE9A9C869}.Debug|x86.Build.0 = Debug|x86
		{7324DC3C-582B-4ADC-B7EA-B4CCE9A9C869}.Debug|x86.Deploy.0 = Debug|x86
		{7324DC3C-582B-4ADC-B7EA-B4CCE9A9C869}.Release|Any CPU.ActiveCfg = Release|Any CPU
		{7324DC3C-582B-4ADC-B7EA-B4CCE9A9C869}.Release|Any CPU.Build.0 = Release|Any CPU
		{7324DC3C-582B-4ADC-B7EA-B4CCE9A9C869}.Release|Any CPU.Deploy.0 = Release|Any CPU
		{7324DC3C-582B-4ADC-B7EA-B4CCE9A9C869}.Release|ARM.ActiveCfg = Release|ARM
		{7324DC3C-582B-4ADC-B7EA-B4CCE9A9C869}.Release|ARM.Build.0 = Release|ARM
		{7324DC3C-582B-4ADC-B7EA-B4CCE9A9C869}.Release|ARM.Deploy.0 = Release|ARM
		{7324DC3C-582B-4ADC-B7EA-B4CCE9A9C869}.Release|iPhone.ActiveCfg = Release|Any CPU
		{7324DC3C-582B-4ADC-B7EA-B4CCE9A9C869}.Release|iPhoneSimulator.ActiveCfg = Release|Any CPU
		{7324DC3C-582B-4ADC-B7EA-B4CCE9A9C869}.Release|Mixed Platforms.ActiveCfg = Release|x86
		{7324DC3C-582B-4ADC-B7EA-B4CCE9A9C869}.Release|Mixed Platforms.Build.0 = Release|x86
		{7324DC3C-582B-4ADC-B7EA-B4CCE9A9C869}.Release|Mixed Platforms.Deploy.0 = Release|x86
		{7324DC3C-582B-4ADC-B7EA-B4CCE9A9C869}.Release|x86.ActiveCfg = Release|x86
		{7324DC3C-582B-4ADC-B7EA-B4CCE9A9C869}.Release|x86.Build.0 = Release|x86
		{7324DC3C-582B-4ADC-B7EA-B4CCE9A9C869}.Release|x86.Deploy.0 = Release|x86
		{7DF99581-31E4-4B41-A8C7-FC26324E667E}.Ad-Hoc|Any CPU.ActiveCfg = Release|Any CPU
		{7DF99581-31E4-4B41-A8C7-FC26324E667E}.Ad-Hoc|Any CPU.Build.0 = Release|Any CPU
		{7DF99581-31E4-4B41-A8C7-FC26324E667E}.Ad-Hoc|Any CPU.Deploy.0 = Release|Any CPU
		{7DF99581-31E4-4B41-A8C7-FC26324E667E}.Ad-Hoc|ARM.ActiveCfg = Release|Any CPU
		{7DF99581-31E4-4B41-A8C7-FC26324E667E}.Ad-Hoc|iPhone.ActiveCfg = Release|Any CPU
		{7DF99581-31E4-4B41-A8C7-FC26324E667E}.Ad-Hoc|iPhoneSimulator.ActiveCfg = Release|Any CPU
		{7DF99581-31E4-4B41-A8C7-FC26324E667E}.Ad-Hoc|Mixed Platforms.ActiveCfg = Release|Any CPU
		{7DF99581-31E4-4B41-A8C7-FC26324E667E}.Ad-Hoc|Mixed Platforms.Build.0 = Release|Any CPU
		{7DF99581-31E4-4B41-A8C7-FC26324E667E}.Ad-Hoc|Mixed Platforms.Deploy.0 = Release|Any CPU
		{7DF99581-31E4-4B41-A8C7-FC26324E667E}.Ad-Hoc|x86.ActiveCfg = Release|Any CPU
		{7DF99581-31E4-4B41-A8C7-FC26324E667E}.AppStore|Any CPU.ActiveCfg = Release|Any CPU
		{7DF99581-31E4-4B41-A8C7-FC26324E667E}.AppStore|Any CPU.Build.0 = Release|Any CPU
		{7DF99581-31E4-4B41-A8C7-FC26324E667E}.AppStore|Any CPU.Deploy.0 = Release|Any CPU
		{7DF99581-31E4-4B41-A8C7-FC26324E667E}.AppStore|ARM.ActiveCfg = Release|Any CPU
		{7DF99581-31E4-4B41-A8C7-FC26324E667E}.AppStore|iPhone.ActiveCfg = Release|Any CPU
		{7DF99581-31E4-4B41-A8C7-FC26324E667E}.AppStore|iPhoneSimulator.ActiveCfg = Release|Any CPU
		{7DF99581-31E4-4B41-A8C7-FC26324E667E}.AppStore|Mixed Platforms.ActiveCfg = Release|Any CPU
		{7DF99581-31E4-4B41-A8C7-FC26324E667E}.AppStore|Mixed Platforms.Build.0 = Release|Any CPU
		{7DF99581-31E4-4B41-A8C7-FC26324E667E}.AppStore|Mixed Platforms.Deploy.0 = Release|Any CPU
		{7DF99581-31E4-4B41-A8C7-FC26324E667E}.AppStore|x86.ActiveCfg = Release|Any CPU
		{7DF99581-31E4-4B41-A8C7-FC26324E667E}.Debug|Any CPU.ActiveCfg = Debug|Any CPU
		{7DF99581-31E4-4B41-A8C7-FC26324E667E}.Debug|Any CPU.Build.0 = Debug|Any CPU
		{7DF99581-31E4-4B41-A8C7-FC26324E667E}.Debug|Any CPU.Deploy.0 = Debug|Any CPU
		{7DF99581-31E4-4B41-A8C7-FC26324E667E}.Debug|ARM.ActiveCfg = Debug|Any CPU
		{7DF99581-31E4-4B41-A8C7-FC26324E667E}.Debug|iPhone.ActiveCfg = Debug|Any CPU
		{7DF99581-31E4-4B41-A8C7-FC26324E667E}.Debug|iPhoneSimulator.ActiveCfg = Debug|Any CPU
		{7DF99581-31E4-4B41-A8C7-FC26324E667E}.Debug|Mixed Platforms.ActiveCfg = Debug|Any CPU
		{7DF99581-31E4-4B41-A8C7-FC26324E667E}.Debug|Mixed Platforms.Build.0 = Debug|Any CPU
		{7DF99581-31E4-4B41-A8C7-FC26324E667E}.Debug|Mixed Platforms.Deploy.0 = Debug|Any CPU
		{7DF99581-31E4-4B41-A8C7-FC26324E667E}.Debug|x86.ActiveCfg = Debug|Any CPU
		{7DF99581-31E4-4B41-A8C7-FC26324E667E}.Release|Any CPU.ActiveCfg = Release|Any CPU
		{7DF99581-31E4-4B41-A8C7-FC26324E667E}.Release|Any CPU.Build.0 = Release|Any CPU
		{7DF99581-31E4-4B41-A8C7-FC26324E667E}.Release|Any CPU.Deploy.0 = Release|Any CPU
		{7DF99581-31E4-4B41-A8C7-FC26324E667E}.Release|ARM.ActiveCfg = Release|Any CPU
		{7DF99581-31E4-4B41-A8C7-FC26324E667E}.Release|iPhone.ActiveCfg = Release|Any CPU
		{7DF99581-31E4-4B41-A8C7-FC26324E667E}.Release|iPhoneSimulator.ActiveCfg = Release|Any CPU
		{7DF99581-31E4-4B41-A8C7-FC26324E667E}.Release|Mixed Platforms.ActiveCfg = Release|Any CPU
		{7DF99581-31E4-4B41-A8C7-FC26324E667E}.Release|Mixed Platforms.Build.0 = Release|Any CPU
		{7DF99581-31E4-4B41-A8C7-FC26324E667E}.Release|Mixed Platforms.Deploy.0 = Release|Any CPU
		{7DF99581-31E4-4B41-A8C7-FC26324E667E}.Release|x86.ActiveCfg = Release|Any CPU
		{E49E0538-248D-4EC1-B2C2-D6B665BE5448}.Ad-Hoc|Any CPU.ActiveCfg = Ad-Hoc|iPhone
		{E49E0538-248D-4EC1-B2C2-D6B665BE5448}.Ad-Hoc|ARM.ActiveCfg = Ad-Hoc|iPhone
		{E49E0538-248D-4EC1-B2C2-D6B665BE5448}.Ad-Hoc|iPhone.ActiveCfg = Ad-Hoc|iPhone
		{E49E0538-248D-4EC1-B2C2-D6B665BE5448}.Ad-Hoc|iPhone.Build.0 = Ad-Hoc|iPhone
		{E49E0538-248D-4EC1-B2C2-D6B665BE5448}.Ad-Hoc|iPhoneSimulator.ActiveCfg = Ad-Hoc|iPhoneSimulator
		{E49E0538-248D-4EC1-B2C2-D6B665BE5448}.Ad-Hoc|iPhoneSimulator.Build.0 = Ad-Hoc|iPhoneSimulator
		{E49E0538-248D-4EC1-B2C2-D6B665BE5448}.Ad-Hoc|Mixed Platforms.ActiveCfg = Ad-Hoc|iPhone
		{E49E0538-248D-4EC1-B2C2-D6B665BE5448}.Ad-Hoc|Mixed Platforms.Build.0 = Ad-Hoc|iPhone
		{E49E0538-248D-4EC1-B2C2-D6B665BE5448}.Ad-Hoc|x86.ActiveCfg = Ad-Hoc|iPhone
		{E49E0538-248D-4EC1-B2C2-D6B665BE5448}.AppStore|Any CPU.ActiveCfg = AppStore|iPhone
		{E49E0538-248D-4EC1-B2C2-D6B665BE5448}.AppStore|ARM.ActiveCfg = AppStore|iPhone
		{E49E0538-248D-4EC1-B2C2-D6B665BE5448}.AppStore|iPhone.ActiveCfg = AppStore|iPhone
		{E49E0538-248D-4EC1-B2C2-D6B665BE5448}.AppStore|iPhone.Build.0 = AppStore|iPhone
		{E49E0538-248D-4EC1-B2C2-D6B665BE5448}.AppStore|iPhoneSimulator.ActiveCfg = AppStore|iPhoneSimulator
		{E49E0538-248D-4EC1-B2C2-D6B665BE5448}.AppStore|iPhoneSimulator.Build.0 = AppStore|iPhoneSimulator
		{E49E0538-248D-4EC1-B2C2-D6B665BE5448}.AppStore|Mixed Platforms.ActiveCfg = AppStore|iPhone
		{E49E0538-248D-4EC1-B2C2-D6B665BE5448}.AppStore|Mixed Platforms.Build.0 = AppStore|iPhone
		{E49E0538-248D-4EC1-B2C2-D6B665BE5448}.AppStore|x86.ActiveCfg = AppStore|iPhone
		{E49E0538-248D-4EC1-B2C2-D6B665BE5448}.Debug|Any CPU.ActiveCfg = Debug|iPhone
		{E49E0538-248D-4EC1-B2C2-D6B665BE5448}.Debug|ARM.ActiveCfg = Debug|iPhone
		{E49E0538-248D-4EC1-B2C2-D6B665BE5448}.Debug|iPhone.ActiveCfg = Debug|iPhone
		{E49E0538-248D-4EC1-B2C2-D6B665BE5448}.Debug|iPhone.Build.0 = Debug|iPhone
		{E49E0538-248D-4EC1-B2C2-D6B665BE5448}.Debug|iPhoneSimulator.ActiveCfg = Debug|iPhoneSimulator
		{E49E0538-248D-4EC1-B2C2-D6B665BE5448}.Debug|iPhoneSimulator.Build.0 = Debug|iPhoneSimulator
		{E49E0538-248D-4EC1-B2C2-D6B665BE5448}.Debug|Mixed Platforms.ActiveCfg = Debug|iPhone
		{E49E0538-248D-4EC1-B2C2-D6B665BE5448}.Debug|Mixed Platforms.Build.0 = Debug|iPhone
		{E49E0538-248D-4EC1-B2C2-D6B665BE5448}.Debug|x86.ActiveCfg = Debug|iPhone
		{E49E0538-248D-4EC1-B2C2-D6B665BE5448}.Release|Any CPU.ActiveCfg = Release|iPhone
		{E49E0538-248D-4EC1-B2C2-D6B665BE5448}.Release|ARM.ActiveCfg = Release|iPhone
		{E49E0538-248D-4EC1-B2C2-D6B665BE5448}.Release|iPhone.ActiveCfg = Release|iPhone
		{E49E0538-248D-4EC1-B2C2-D6B665BE5448}.Release|iPhone.Build.0 = Release|iPhone
		{E49E0538-248D-4EC1-B2C2-D6B665BE5448}.Release|iPhoneSimulator.ActiveCfg = Release|iPhoneSimulator
		{E49E0538-248D-4EC1-B2C2-D6B665BE5448}.Release|iPhoneSimulator.Build.0 = Release|iPhoneSimulator
		{E49E0538-248D-4EC1-B2C2-D6B665BE5448}.Release|Mixed Platforms.ActiveCfg = Release|iPhone
		{E49E0538-248D-4EC1-B2C2-D6B665BE5448}.Release|Mixed Platforms.Build.0 = Release|iPhone
		{E49E0538-248D-4EC1-B2C2-D6B665BE5448}.Release|x86.ActiveCfg = Release|iPhone
	EndGlobalSection
	GlobalSection(NestedProjects) = preSolution
	EndGlobalSection
	GlobalSection(SolutionProperties) = preSolution
		HideSolutionNode = FALSE
	EndGlobalSection
EndGlobal
